{
  "name": "newsletter-sign-up-with-success-message-main",
  "version": "1.0.0",
  "lockfileVersion": 3,
  "requires": true,
  "packages": {
    "": {
      "name": "newsletter-sign-up-with-success-message-main",
      "version": "1.0.0",
      "license": "ISC",
      "dependencies": {
        "newsletter-sign-up-with-success-message-main": "file:"
      }
    },
    "node_modules/newsletter-sign-up-with-success-message-main": {
      "resolved": "",
      "link": true
    }
  }
}
